
Microsoft Visual Studio Solution File, Format Version 12.00
# Visual Studio 15
VisualStudioVersion = 15.0.27428.2043
MinimumVisualStudioVersion = 10.0.40219.1
Project("{8BC9CEB8-8B4A-11D0-8D11-00A0C91BC942}") = "AutoScrShot", "AutoScrShot\AutoScrShot.vcxproj", "{E22042EB-C35E-48E3-93A4-F54FFC4F493A}"
EndProject
Project("{8BC9CEB8-8B4A-11D0-8D11-00A0C91BC942}") = "ScreenCapture", "..\ScreenCapture\ScreenCapture.vcxproj", "{A3E62199-1AA1-4D7D-8938-0A7850AF165F}"
EndProject
Global
	GlobalSection(SolutionConfigurationPlatforms) = preSolution
		Debug|x64 = Debug|x64
		Debug|x86 = Debug|x86
		Release|x64 = Release|x64
		Release|x86 = Release|x86
	EndGlobalSection
	GlobalSection(ProjectConfigurationPlatforms) = postSolution
		{E22042EB-C35E-48E3-93A4-F54FFC4F493A}.Debug|x64.ActiveCfg = Debug|Win32
		{E22042EB-C35E-48E3-93A4-F54FFC4F493A}.Debug|x64.Build.0 = Debug|Win32
		{E22042EB-C35E-48E3-93A4-F54FFC4F493A}.Debug|x86.ActiveCfg = Debug|Win32
		{E22042EB-C35E-48E3-93A4-F54FFC4F493A}.Debug|x86.Build.0 = Debug|Win32
		{E22042EB-C35E-48E3-93A4-F54FFC4F493A}.Release|x64.ActiveCfg = Release|Win32
		{E22042EB-C35E-48E3-93A4-F54FFC4F493A}.Release|x64.Build.0 = Release|Win32
		{E22042EB-C35E-48E3-93A4-F54FFC4F493A}.Release|x86.ActiveCfg = Release|Win32
		{E22042EB-C35E-48E3-93A4-F54FFC4F493A}.Release|x86.Build.0 = Release|Win32
		{A3E62199-1AA1-4D7D-8938-0A7850AF165F}.Debug|x64.ActiveCfg = Debug|Win32
		{A3E62199-1AA1-4D7D-8938-0A7850AF165F}.Debug|x64.Build.0 = Debug|Win32
		{A3E62199-1AA1-4D7D-8938-0A7850AF165F}.Debug|x86.ActiveCfg = Debug|Win32
		{A3E62199-1AA1-4D7D-8938-0A7850AF165F}.Debug|x86.Build.0 = Debug|Win32
		{A3E62199-1AA1-4D7D-8938-0A7850AF165F}.Release|x64.ActiveCfg = Release|Win32
		{A3E62199-1AA1-4D7D-8938-0A7850AF165F}.Release|x64.Build.0 = Release|Win32
		{A3E62199-1AA1-4D7D-8938-0A7850AF165F}.Release|x86.ActiveCfg = Release|Win32
		{A3E62199-1AA1-4D7D-8938-0A7850AF165F}.Release|x86.Build.0 = Release|Win32
	EndGlobalSection
	GlobalSection(SolutionProperties) = preSolution
		HideSolutionNode = FALSE
	EndGlobalSection
	GlobalSection(ExtensibilityGlobals) = postSolution
		SolutionGuid = {E2A8B448-FED0-47FA-891B-4AAA1D11B0BD}
	EndGlobalSection
EndGlobal
